
Microsoft Visual Studio Solution File, Format Version 12.00
# Visual Studio Version 16
VisualStudioVersion = 16.0.31112.23
MinimumVisualStudioVersion = 10.0.40219.1
Project("{2150E333-8FDC-42A3-9474-1A3956D46DE8}") = "src", "src", "{F8190234-2CEA-4D4E-883A-B3B51DA5C398}"
EndProject
Project("{9A19103F-16F7-4668-BE54-9A1E7A4F7556}") = "Spirebyte.APIGateway", "src\Spirebyte.APIGateway.csproj", "{44420004-C3CC-4A72-8398-C28F00DF9EDD}"
EndProject
Global
	GlobalSection(SolutionConfigurationPlatforms) = preSolution
		Debug|Any CPU = Debug|Any CPU
		Release|Any CPU = Release|Any CPU
	EndGlobalSection
	GlobalSection(ProjectConfigurationPlatforms) = postSolution
		{44420004-C3CC-4A72-8398-C28F00DF9EDD}.Debug|Any CPU.ActiveCfg = Debug|Any CPU
		{44420004-C3CC-4A72-8398-C28F00DF9EDD}.Debug|Any CPU.Build.0 = Debug|Any CPU
		{44420004-C3CC-4A72-8398-C28F00DF9EDD}.Release|Any CPU.ActiveCfg = Release|Any CPU
		{44420004-C3CC-4A72-8398-C28F00DF9EDD}.Release|Any CPU.Build.0 = Release|Any CPU
	EndGlobalSection
	GlobalSection(SolutionProperties) = preSolution
		HideSolutionNode = FALSE
	EndGlobalSection
	GlobalSection(NestedProjects) = preSolution
		{44420004-C3CC-4A72-8398-C28F00DF9EDD} = {F8190234-2CEA-4D4E-883A-B3B51DA5C398}
	EndGlobalSection
	GlobalSection(ExtensibilityGlobals) = postSolution
		SolutionGuid = {8C209CC9-E99E-4EED-80C2-3DE4C331D3FA}
	EndGlobalSection
EndGlobal
